// !$*UTF8*$!
{
	archiveVersion = 1;
	classes = {
	};
	objectVersion = 50;
	objects = {

/* Begin PBXBuildFile section */
		F33D9A1F25B470C100EBEAA6 /* FruitCardView.swift in Sources */ = {isa = PBXBuildFile; fileRef = F33D9A1E25B470C100EBEAA6 /* FruitCardView.swift */; };
		F33D9A2925B47CB300EBEAA6 /* StartButton.swift in Sources */ = {isa = PBXBuildFile; fileRef = F33D9A2825B47CB300EBEAA6 /* StartButton.swift */; };
		F33D9A2F25B48BA000EBEAA6 /* OnboradingView.swift in Sources */ = {isa = PBXBuildFile; fileRef = F33D9A2E25B48BA000EBEAA6 /* OnboradingView.swift */; };
		F33D9A3A25B4918B00EBEAA6 /* Fruit.swift in Sources */ = {isa = PBXBuildFile; fileRef = F33D9A3925B4918B00EBEAA6 /* Fruit.swift */; };
		F33D9A4625B492E300EBEAA6 /* FruitData.swift in Sources */ = {isa = PBXBuildFile; fileRef = F33D9A4525B492E300EBEAA6 /* FruitData.swift */; };
		F33D9A5025B614DF00EBEAA6 /* FruitRowView.swift in Sources */ = {isa = PBXBuildFile; fileRef = F33D9A4F25B614DF00EBEAA6 /* FruitRowView.swift */; };
		F33D9A5625B8A5C800EBEAA6 /* FruitDetailView.swift in Sources */ = {isa = PBXBuildFile; fileRef = F33D9A5525B8A5C800EBEAA6 /* FruitDetailView.swift */; };
		F33D9A5C25B8B12C00EBEAA6 /* FruitHeaderView.swift in Sources */ = {isa = PBXBuildFile; fileRef = F33D9A5B25B8B12C00EBEAA6 /* FruitHeaderView.swift */; };
		F33D9A6225BB4EFB00EBEAA6 /* ScourceLinkView.swift in Sources */ = {isa = PBXBuildFile; fileRef = F33D9A6125BB4EFA00EBEAA6 /* ScourceLinkView.swift */; };
		F33D9A6825C1E2BA00EBEAA6 /* FruitNutrientsView.swift in Sources */ = {isa = PBXBuildFile; fileRef = F33D9A6725C1E2BA00EBEAA6 /* FruitNutrientsView.swift */; };
		F33D9A6E25C1EAF300EBEAA6 /* SettingsView.swift in Sources */ = {isa = PBXBuildFile; fileRef = F33D9A6D25C1EAF300EBEAA6 /* SettingsView.swift */; };
		F33D9A7825C1F37100EBEAA6 /* SettingsLabelView.swift in Sources */ = {isa = PBXBuildFile; fileRef = F33D9A7725C1F37100EBEAA6 /* SettingsLabelView.swift */; };
		F33D9A7E25C272E300EBEAA6 /* SettingRowView.swift in Sources */ = {isa = PBXBuildFile; fileRef = F33D9A7D25C272E300EBEAA6 /* SettingRowView.swift */; };
		F3E6C09325B43412008048F9 /* Tests_iOS.swift in Sources */ = {isa = PBXBuildFile; fileRef = F3E6C09225B43412008048F9 /* Tests_iOS.swift */; };
		F3E6C09E25B43412008048F9 /* Tests_macOS.swift in Sources */ = {isa = PBXBuildFile; fileRef = F3E6C09D25B43412008048F9 /* Tests_macOS.swift */; };
		F3E6C0A025B43412008048F9 /* FRUITSApp.swift in Sources */ = {isa = PBXBuildFile; fileRef = F3E6C07725B43410008048F9 /* FRUITSApp.swift */; };
		F3E6C0A125B43412008048F9 /* FRUITSApp.swift in Sources */ = {isa = PBXBuildFile; fileRef = F3E6C07725B43410008048F9 /* FRUITSApp.swift */; };
		F3E6C0A225B43412008048F9 /* ContentView.swift in Sources */ = {isa = PBXBuildFile; fileRef = F3E6C07825B43410008048F9 /* ContentView.swift */; };
		F3E6C0A325B43412008048F9 /* ContentView.swift in Sources */ = {isa = PBXBuildFile; fileRef = F3E6C07825B43410008048F9 /* ContentView.swift */; };
		F3E6C0A425B43412008048F9 /* Assets.xcassets in Resources */ = {isa = PBXBuildFile; fileRef = F3E6C07925B43412008048F9 /* Assets.xcassets */; };
		F3E6C0A525B43412008048F9 /* Assets.xcassets in Resources */ = {isa = PBXBuildFile; fileRef = F3E6C07925B43412008048F9 /* Assets.xcassets */; };
/* End PBXBuildFile section */

/* Begin PBXContainerItemProxy section */
		F3E6C08F25B43412008048F9 /* PBXContainerItemProxy */ = {
			isa = PBXContainerItemProxy;
			containerPortal = F3E6C07225B4340F008048F9 /* Project object */;
			proxyType = 1;
			remoteGlobalIDString = F3E6C07D25B43412008048F9;
			remoteInfo = "FRUITS (iOS)";
		};
		F3E6C09A25B43412008048F9 /* PBXContainerItemProxy */ = {
			isa = PBXContainerItemProxy;
			containerPortal = F3E6C07225B4340F008048F9 /* Project object */;
			proxyType = 1;
			remoteGlobalIDString = F3E6C08525B43412008048F9;
			remoteInfo = "FRUITS (macOS)";
		};
/* End PBXContainerItemProxy section */

/* Begin PBXFileReference section */
		F33D9A1E25B470C100EBEAA6 /* FruitCardView.swift */ = {isa = PBXFileReference; lastKnownFileType = sourcecode.swift; path = FruitCardView.swift; sourceTree = "<group>"; };
		F33D9A2825B47CB300EBEAA6 /* StartButton.swift */ = {isa = PBXFileReference; lastKnownFileType = sourcecode.swift; path = StartButton.swift; sourceTree = "<group>"; };
		F33D9A2E25B48BA000EBEAA6 /* OnboradingView.swift */ = {isa = PBXFileReference; lastKnownFileType = sourcecode.swift; path = OnboradingView.swift; sourceTree = "<group>"; };
		F33D9A3925B4918B00EBEAA6 /* Fruit.swift */ = {isa = PBXFileReference; lastKnownFileType = sourcecode.swift; path = Fruit.swift; sourceTree = "<group>"; };
		F33D9A4525B492E300EBEAA6 /* FruitData.swift */ = {isa = PBXFileReference; lastKnownFileType = sourcecode.swift; path = FruitData.swift; sourceTree = "<group>"; };
		F33D9A4F25B614DF00EBEAA6 /* FruitRowView.swift */ = {isa = PBXFileReference; lastKnownFileType = sourcecode.swift; path = FruitRowView.swift; sourceTree = "<group>"; };
		F33D9A5525B8A5C800EBEAA6 /* FruitDetailView.swift */ = {isa = PBXFileReference; lastKnownFileType = sourcecode.swift; path = FruitDetailView.swift; sourceTree = "<group>"; };
		F33D9A5B25B8B12C00EBEAA6 /* FruitHeaderView.swift */ = {isa = PBXFileReference; lastKnownFileType = sourcecode.swift; path = FruitHeaderView.swift; sourceTree = "<group>"; };
		F33D9A6125BB4EFA00EBEAA6 /* ScourceLinkView.swift */ = {isa = PBXFileReference; lastKnownFileType = sourcecode.swift; path = ScourceLinkView.swift; sourceTree = "<group>"; };
		F33D9A6725C1E2BA00EBEAA6 /* FruitNutrientsView.swift */ = {isa = PBXFileReference; lastKnownFileType = sourcecode.swift; path = FruitNutrientsView.swift; sourceTree = "<group>"; };
		F33D9A6D25C1EAF300EBEAA6 /* SettingsView.swift */ = {isa = PBXFileReference; lastKnownFileType = sourcecode.swift; path = SettingsView.swift; sourceTree = "<group>"; };
		F33D9A7725C1F37100EBEAA6 /* SettingsLabelView.swift */ = {isa = PBXFileReference; lastKnownFileType = sourcecode.swift; path = SettingsLabelView.swift; sourceTree = "<group>"; };
		F33D9A7D25C272E300EBEAA6 /* SettingRowView.swift */ = {isa = PBXFileReference; lastKnownFileType = sourcecode.swift; name = SettingRowView.swift; path = Shared/SettingRowView.swift; sourceTree = SOURCE_ROOT; };
		F3E6C07725B43410008048F9 /* FRUITSApp.swift */ = {isa = PBXFileReference; lastKnownFileType = sourcecode.swift; path = FRUITSApp.swift; sourceTree = "<group>"; };
		F3E6C07825B43410008048F9 /* ContentView.swift */ = {isa = PBXFileReference; lastKnownFileType = sourcecode.swift; path = ContentView.swift; sourceTree = "<group>"; };
		F3E6C07925B43412008048F9 /* Assets.xcassets */ = {isa = PBXFileReference; lastKnownFileType = folder.assetcatalog; path = Assets.xcassets; sourceTree = "<group>"; };
		F3E6C07E25B43412008048F9 /* FRUITS.app */ = {isa = PBXFileReference; explicitFileType = wrapper.application; includeInIndex = 0; path = FRUITS.app; sourceTree = BUILT_PRODUCTS_DIR; };
		F3E6C08125B43412008048F9 /* Info.plist */ = {isa = PBXFileReference; lastKnownFileType = text.plist.xml; path = Info.plist; sourceTree = "<group>"; };
		F3E6C08625B43412008048F9 /* FRUITS.app */ = {isa = PBXFileReference; explicitFileType = wrapper.application; includeInIndex = 0; path = FRUITS.app; sourceTree = BUILT_PRODUCTS_DIR; };
		F3E6C08825B43412008048F9 /* Info.plist */ = {isa = PBXFileReference; lastKnownFileType = text.plist.xml; path = Info.plist; sourceTree = "<group>"; };
		F3E6C08925B43412008048F9 /* macOS.entitlements */ = {isa = PBXFileReference; lastKnownFileType = text.plist.entitlements; path = macOS.entitlements; sourceTree = "<group>"; };
		F3E6C08E25B43412008048F9 /* Tests iOS.xctest */ = {isa = PBXFileReference; explicitFileType = wrapper.cfbundle; includeInIndex = 0; path = "Tests iOS.xctest"; sourceTree = BUILT_PRODUCTS_DIR; };
		F3E6C09225B43412008048F9 /* Tests_iOS.swift */ = {isa = PBXFileReference; lastKnownFileType = sourcecode.swift; path = Tests_iOS.swift; sourceTree = "<group>"; };
		F3E6C09425B43412008048F9 /* Info.plist */ = {isa = PBXFileReference; lastKnownFileType = text.plist.xml; path = Info.plist; sourceTree = "<group>"; };
		F3E6C09925B43412008048F9 /* Tests macOS.xctest */ = {isa = PBXFileReference; explicitFileType = wrapper.cfbundle; includeInIndex = 0; path = "Tests macOS.xctest"; sourceTree = BUILT_PRODUCTS_DIR; };
		F3E6C09D25B43412008048F9 /* Tests_macOS.swift */ = {isa = PBXFileReference; lastKnownFileType = sourcecode.swift; path = Tests_macOS.swift; sourceTree = "<group>"; };
		F3E6C09F25B43412008048F9 /* Info.plist */ = {isa = PBXFileReference; lastKnownFileType = text.plist.xml; path = Info.plist; sourceTree = "<group>"; };
/* End PBXFileReference section */

/* Begin PBXFrameworksBuildPhase section */
		F3E6C07B25B43412008048F9 /* Frameworks */ = {
			isa = PBXFrameworksBuildPhase;
			buildActionMask = 2147483647;
			files = (
			);
			runOnlyForDeploymentPostprocessing = 0;
		};
		F3E6C08325B43412008048F9 /* Frameworks */ = {
			isa = PBXFrameworksBuildPhase;
			buildActionMask = 2147483647;
			files = (
			);
			runOnlyForDeploymentPostprocessing = 0;
		};
		F3E6C08B25B43412008048F9 /* Frameworks */ = {
			isa = PBXFrameworksBuildPhase;
			buildActionMask = 2147483647;
			files = (
			);
			runOnlyForDeploymentPostprocessing = 0;
		};
		F3E6C09625B43412008048F9 /* Frameworks */ = {
			isa = PBXFrameworksBuildPhase;
			buildActionMask = 2147483647;
			files = (
			);
			runOnlyForDeploymentPostprocessing = 0;
		};
/* End PBXFrameworksBuildPhase section */

/* Begin PBXGroup section */
		F33D9A1D25B4708F00EBEAA6 /* Views */ = {
			isa = PBXGroup;
			children = (
				F33D9A7D25C272E300EBEAA6 /* SettingRowView.swift */,
				F33D9A1E25B470C100EBEAA6 /* FruitCardView.swift */,
				F33D9A2825B47CB300EBEAA6 /* StartButton.swift */,
				F33D9A4F25B614DF00EBEAA6 /* FruitRowView.swift */,
				F33D9A5525B8A5C800EBEAA6 /* FruitDetailView.swift */,
				F33D9A6725C1E2BA00EBEAA6 /* FruitNutrientsView.swift */,
				F33D9A5B25B8B12C00EBEAA6 /* FruitHeaderView.swift */,
				F33D9A6125BB4EFA00EBEAA6 /* ScourceLinkView.swift */,
			);
			path = Views;
			sourceTree = "<group>";
		};
		F33D9A3825B4917900EBEAA6 /* Models */ = {
			isa = PBXGroup;
			children = (
				F33D9A3925B4918B00EBEAA6 /* Fruit.swift */,
			);
			path = Models;
			sourceTree = "<group>";
		};
		F33D9A4425B492D400EBEAA6 /* Data */ = {
			isa = PBXGroup;
			children = (
				F33D9A4525B492E300EBEAA6 /* FruitData.swift */,
			);
			path = Data;
			sourceTree = "<group>";
		};
		F3E6C07125B4340F008048F9 = {
			isa = PBXGroup;
			children = (
				F3E6C07625B43410008048F9 /* Shared */,
				F3E6C08025B43412008048F9 /* iOS */,
				F3E6C08725B43412008048F9 /* macOS */,
				F3E6C09125B43412008048F9 /* Tests iOS */,
				F3E6C09C25B43412008048F9 /* Tests macOS */,
				F3E6C07F25B43412008048F9 /* Products */,
			);
			sourceTree = "<group>";
		};
		F3E6C07625B43410008048F9 /* Shared */ = {
			isa = PBXGroup;
			children = (
				F33D9A4425B492D400EBEAA6 /* Data */,
				F33D9A3825B4917900EBEAA6 /* Models */,
				F33D9A1D25B4708F00EBEAA6 /* Views */,
				F3E6C07725B43410008048F9 /* FRUITSApp.swift */,
				F3E6C07825B43410008048F9 /* ContentView.swift */,
				F33D9A2E25B48BA000EBEAA6 /* OnboradingView.swift */,
				F33D9A6D25C1EAF300EBEAA6 /* SettingsView.swift */,
				F33D9A7725C1F37100EBEAA6 /* SettingsLabelView.swift */,
				F3E6C07925B43412008048F9 /* Assets.xcassets */,
			);
			path = Shared;
			sourceTree = "<group>";
		};
		F3E6C07F25B43412008048F9 /* Products */ = {
			isa = PBXGroup;
			children = (
				F3E6C07E25B43412008048F9 /* FRUITS.app */,
				F3E6C08625B43412008048F9 /* FRUITS.app */,
				F3E6C08E25B43412008048F9 /* Tests iOS.xctest */,
				F3E6C09925B43412008048F9 /* Tests macOS.xctest */,
			);
			name = Products;
			sourceTree = "<group>";
		};
		F3E6C08025B43412008048F9 /* iOS */ = {
			isa = PBXGroup;
			children = (
				F3E6C08125B43412008048F9 /* Info.plist */,
			);
			path = iOS;
			sourceTree = "<group>";
		};
		F3E6C08725B43412008048F9 /* macOS */ = {
			isa = PBXGroup;
			children = (
				F3E6C08825B43412008048F9 /* Info.plist */,
				F3E6C08925B43412008048F9 /* macOS.entitlements */,
			);
			path = macOS;
			sourceTree = "<group>";
		};
		F3E6C09125B43412008048F9 /* Tests iOS */ = {
			isa = PBXGroup;
			children = (
				F3E6C09225B43412008048F9 /* Tests_iOS.swift */,
				F3E6C09425B43412008048F9 /* Info.plist */,
			);
			path = "Tests iOS";
			sourceTree = "<group>";
		};
		F3E6C09C25B43412008048F9 /* Tests macOS */ = {
			isa = PBXGroup;
			children = (
				F3E6C09D25B43412008048F9 /* Tests_macOS.swift */,
				F3E6C09F25B43412008048F9 /* Info.plist */,
			);
			path = "Tests macOS";
			sourceTree = "<group>";
		};
/* End PBXGroup section */

/* Begin PBXNativeTarget section */
		F3E6C07D25B43412008048F9 /* FRUITS (iOS) */ = {
			isa = PBXNativeTarget;
			buildConfigurationList = F3E6C0A825B43412008048F9 /* Build configuration list for PBXNativeTarget "FRUITS (iOS)" */;
			buildPhases = (
				F3E6C07A25B43412008048F9 /* Sources */,
				F3E6C07B25B43412008048F9 /* Frameworks */,
				F3E6C07C25B43412008048F9 /* Resources */,
			);
			buildRules = (
			);
			dependencies = (
			);
			name = "FRUITS (iOS)";
			productName = "FRUITS (iOS)";
			productReference = F3E6C07E25B43412008048F9 /* FRUITS.app */;
			productType = "com.apple.product-type.application";
		};
		F3E6C08525B43412008048F9 /* FRUITS (macOS) */ = {
			isa = PBXNativeTarget;
			buildConfigurationList = F3E6C0AB25B43412008048F9 /* Build configuration list for PBXNativeTarget "FRUITS (macOS)" */;
			buildPhases = (
				F3E6C08225B43412008048F9 /* Sources */,
				F3E6C08325B43412008048F9 /* Frameworks */,
				F3E6C08425B43412008048F9 /* Resources */,
			);
			buildRules = (
			);
			dependencies = (
			);
			name = "FRUITS (macOS)";
			productName = "FRUITS (macOS)";
			productReference = F3E6C08625B43412008048F9 /* FRUITS.app */;
			productType = "com.apple.product-type.application";
		};
		F3E6C08D25B43412008048F9 /* Tests iOS */ = {
			isa = PBXNativeTarget;
			buildConfigurationList = F3E6C0AE25B43412008048F9 /* Build configuration list for PBXNativeTarget "Tests iOS" */;
			buildPhases = (
				F3E6C08A25B43412008048F9 /* Sources */,
				F3E6C08B25B43412008048F9 /* Frameworks */,
				F3E6C08C25B43412008048F9 /* Resources */,
			);
			buildRules = (
			);
			dependencies = (
				F3E6C09025B43412008048F9 /* PBXTargetDependency */,
			);
			name = "Tests iOS";
			productName = "Tests iOS";
			productReference = F3E6C08E25B43412008048F9 /* Tests iOS.xctest */;
			productType = "com.apple.product-type.bundle.ui-testing";
		};
		F3E6C09825B43412008048F9 /* Tests macOS */ = {
			isa = PBXNativeTarget;
			buildConfigurationList = F3E6C0B125B43412008048F9 /* Build configuration list for PBXNativeTarget "Tests macOS" */;
			buildPhases = (
				F3E6C09525B43412008048F9 /* Sources */,
				F3E6C09625B43412008048F9 /* Frameworks */,
				F3E6C09725B43412008048F9 /* Resources */,
			);
			buildRules = (
			);
			dependencies = (
				F3E6C09B25B43412008048F9 /* PBXTargetDependency */,
			);
			name = "Tests macOS";
			productName = "Tests macOS";
			productReference = F3E6C09925B43412008048F9 /* Tests macOS.xctest */;
			productType = "com.apple.product-type.bundle.ui-testing";
		};
/* End PBXNativeTarget section */

/* Begin PBXProject section */
		F3E6C07225B4340F008048F9 /* Project object */ = {
			isa = PBXProject;
			attributes = {
				LastSwiftUpdateCheck = 1230;
				LastUpgradeCheck = 1230;
				TargetAttributes = {
					F3E6C07D25B43412008048F9 = {
						CreatedOnToolsVersion = 12.3;
					};
					F3E6C08525B43412008048F9 = {
						CreatedOnToolsVersion = 12.3;
					};
					F3E6C08D25B43412008048F9 = {
						CreatedOnToolsVersion = 12.3;
						TestTargetID = F3E6C07D25B43412008048F9;
					};
					F3E6C09825B43412008048F9 = {
						CreatedOnToolsVersion = 12.3;
						TestTargetID = F3E6C08525B43412008048F9;
					};
				};
			};
			buildConfigurationList = F3E6C07525B4340F008048F9 /* Build configuration list for PBXProject "FRUITS" */;
			compatibilityVersion = "Xcode 9.3";
			developmentRegion = en;
			hasScannedForEncodings = 0;
			knownRegions = (
				en,
				Base,
			);
			mainGroup = F3E6C07125B4340F008048F9;
			productRefGroup = F3E6C07F25B43412008048F9 /* Products */;
			projectDirPath = "";
			projectRoot = "";
			targets = (
				F3E6C07D25B43412008048F9 /* FRUITS (iOS) */,
				F3E6C08525B43412008048F9 /* FRUITS (macOS) */,
				F3E6C08D25B43412008048F9 /* Tests iOS */,
				F3E6C09825B43412008048F9 /* Tests macOS */,
			);
		};
/* End PBXProject section */

/* Begin PBXResourcesBuildPhase section */
		F3E6C07C25B43412008048F9 /* Resources */ = {
			isa = PBXResourcesBuildPhase;
			buildActionMask = 2147483647;
			files = (
				F3E6C0A425B43412008048F9 /* Assets.xcassets in Resources */,
			);
			runOnlyForDeploymentPostprocessing = 0;
		};
		F3E6C08425B43412008048F9 /* Resources */ = {
			isa = PBXResourcesBuildPhase;
			buildActionMask = 2147483647;
			files = (
				F3E6C0A525B43412008048F9 /* Assets.xcassets in Resources */,
			);
			runOnlyForDeploymentPostprocessing = 0;
		};
		F3E6C08C25B43412008048F9 /* Resources */ = {
			isa = PBXResourcesBuildPhase;
			buildActionMask = 2147483647;
			files = (
			);
			runOnlyForDeploymentPostprocessing = 0;
		};
		F3E6C09725B43412008048F9 /* Resources */ = {
			isa = PBXResourcesBuildPhase;
			buildActionMask = 2147483647;
			files = (
			);
			runOnlyForDeploymentPostprocessing = 0;
		};
/* End PBXResourcesBuildPhase section */

/* Begin PBXSourcesBuildPhase section */
		F3E6C07A25B43412008048F9 /* Sources */ = {
			isa = PBXSourcesBuildPhase;
			buildActionMask = 2147483647;
			files = (
				F33D9A6225BB4EFB00EBEAA6 /* ScourceLinkView.swift in Sources */,
				F33D9A4625B492E300EBEAA6 /* FruitData.swift in Sources */,
				F33D9A3A25B4918B00EBEAA6 /* Fruit.swift in Sources */,
				F33D9A5025B614DF00EBEAA6 /* FruitRowView.swift in Sources */,
				F33D9A6825C1E2BA00EBEAA6 /* FruitNutrientsView.swift in Sources */,
				F33D9A1F25B470C100EBEAA6 /* FruitCardView.swift in Sources */,
				F33D9A5625B8A5C800EBEAA6 /* FruitDetailView.swift in Sources */,
				F3E6C0A225B43412008048F9 /* ContentView.swift in Sources */,
				F33D9A5C25B8B12C00EBEAA6 /* FruitHeaderView.swift in Sources */,
				F33D9A2925B47CB300EBEAA6 /* StartButton.swift in Sources */,
				F33D9A7825C1F37100EBEAA6 /* SettingsLabelView.swift in Sources */,
				F33D9A2F25B48BA000EBEAA6 /* OnboradingView.swift in Sources */,
				F3E6C0A025B43412008048F9 /* FRUITSApp.swift in Sources */,
				F33D9A6E25C1EAF300EBEAA6 /* SettingsView.swift in Sources */,
				F33D9A7E25C272E300EBEAA6 /* SettingRowView.swift in Sources */,
			);
			runOnlyForDeploymentPostprocessing = 0;
		};
		F3E6C08225B43412008048F9 /* Sources */ = {
			isa = PBXSourcesBuildPhase;
			buildActionMask = 2147483647;
			files = (
				F3E6C0A325B43412008048F9 /* ContentView.swift in Sources */,
				F3E6C0A125B43412008048F9 /* FRUITSApp.swift in Sources */,
			);
			runOnlyForDeploymentPostprocessing = 0;
		};
		F3E6C08A25B43412008048F9 /* Sources */ = {
			isa = PBXSourcesBuildPhase;
			buildActionMask = 2147483647;
			files = (
				F3E6C09325B43412008048F9 /* Tests_iOS.swift in Sources */,
			);
			runOnlyForDeploymentPostprocessing = 0;
		};
		F3E6C09525B43412008048F9 /* Sources */ = {
			isa = PBXSourcesBuildPhase;
			buildActionMask = 2147483647;
			files = (
				F3E6C09E25B43412008048F9 /* Tests_macOS.swift in Sources */,
			);
			runOnlyForDeploymentPostprocessing = 0;
		};
/* End PBXSourcesBuildPhase section */

/* Begin PBXTargetDependency section */
		F3E6C09025B43412008048F9 /* PBXTargetDependency */ = {
			isa = PBXTargetDependency;
			target = F3E6C07D25B43412008048F9 /* FRUITS (iOS) */;
			targetProxy = F3E6C08F25B43412008048F9 /* PBXContainerItemProxy */;
		};
		F3E6C09B25B43412008048F9 /* PBXTargetDependency */ = {
			isa = PBXTargetDependency;
			target = F3E6C08525B43412008048F9 /* FRUITS (macOS) */;
			targetProxy = F3E6C09A25B43412008048F9 /* PBXContainerItemProxy */;
		};
/* End PBXTargetDependency section */

/* Begin XCBuildConfiguration section */
		F3E6C0A625B43412008048F9 /* Debug */ = {
			isa = XCBuildConfiguration;
			buildSettings = {
				ALWAYS_SEARCH_USER_PATHS = NO;
				CLANG_ANALYZER_NONNULL = YES;
				CLANG_ANALYZER_NUMBER_OBJECT_CONVERSION = YES_AGGRESSIVE;
				CLANG_CXX_LANGUAGE_STANDARD = "gnu++14";
				CLANG_CXX_LIBRARY = "libc++";
				CLANG_ENABLE_MODULES = YES;
				CLANG_ENABLE_OBJC_ARC = YES;
				CLANG_ENABLE_OBJC_WEAK = YES;
				CLANG_WARN_BLOCK_CAPTURE_AUTORELEASING = YES;
				CLANG_WARN_BOOL_CONVERSION = YES;
				CLANG_WARN_COMMA = YES;
				CLANG_WARN_CONSTANT_CONVERSION = YES;
				CLANG_WARN_DEPRECATED_OBJC_IMPLEMENTATIONS = YES;
				CLANG_WARN_DIRECT_OBJC_ISA_USAGE = YES_ERROR;
				CLANG_WARN_DOCUMENTATION_COMMENTS = YES;
				CLANG_WARN_EMPTY_BODY = YES;
				CLANG_WARN_ENUM_CONVERSION = YES;
				CLANG_WARN_INFINITE_RECURSION = YES;
				CLANG_WARN_INT_CONVERSION = YES;
				CLANG_WARN_NON_LITERAL_NULL_CONVERSION = YES;
				CLANG_WARN_OBJC_IMPLICIT_RETAIN_SELF = YES;
				CLANG_WARN_OBJC_LITERAL_CONVERSION = YES;
				CLANG_WARN_OBJC_ROOT_CLASS = YES_ERROR;
				CLANG_WARN_QUOTED_INCLUDE_IN_FRAMEWORK_HEADER = YES;
				CLANG_WARN_RANGE_LOOP_ANALYSIS = YES;
				CLANG_WARN_STRICT_PROTOTYPES = YES;
				CLANG_WARN_SUSPICIOUS_MOVE = YES;
				CLANG_WARN_UNGUARDED_AVAILABILITY = YES_AGGRESSIVE;
				CLANG_WARN_UNREACHABLE_CODE = YES;
				CLANG_WARN__DUPLICATE_METHOD_MATCH = YES;
				COPY_PHASE_STRIP = NO;
				DEBUG_INFORMATION_FORMAT = dwarf;
				ENABLE_STRICT_OBJC_MSGSEND = YES;
				ENABLE_TESTABILITY = YES;
				GCC_C_LANGUAGE_STANDARD = gnu11;
				GCC_DYNAMIC_NO_PIC = NO;
				GCC_NO_COMMON_BLOCKS = YES;
				GCC_OPTIMIZATION_LEVEL = 0;
				GCC_PREPROCESSOR_DEFINITIONS = (
					"DEBUG=1",
					"$(inherited)",
				);
				GCC_WARN_64_TO_32_BIT_CONVERSION = YES;
				GCC_WARN_ABOUT_RETURN_TYPE = YES_ERROR;
				GCC_WARN_UNDECLARED_SELECTOR = YES;
				GCC_WARN_UNINITIALIZED_AUTOS = YES_AGGRESSIVE;
				GCC_WARN_UNUSED_FUNCTION = YES;
				GCC_WARN_UNUSED_VARIABLE = YES;
				MTL_ENABLE_DEBUG_INFO = INCLUDE_SOURCE;
				MTL_FAST_MATH = YES;
				ONLY_ACTIVE_ARCH = YES;
				SWIFT_ACTIVE_COMPILATION_CONDITIONS = DEBUG;
				SWIFT_OPTIMIZATION_LEVEL = "-Onone";
			};
			name = Debug;
		};
		F3E6C0A725B43412008048F9 /* Release */ = {
			isa = XCBuildConfiguration;
			buildSettings = {
				ALWAYS_SEARCH_USER_PATHS = NO;
				CLANG_ANALYZER_NONNULL = YES;
				CLANG_ANALYZER_NUMBER_OBJECT_CONVERSION = YES_AGGRESSIVE;
				CLANG_CXX_LANGUAGE_STANDARD = "gnu++14";
				CLANG_CXX_LIBRARY = "libc++";
				CLANG_ENABLE_MODULES = YES;
				CLANG_ENABLE_OBJC_ARC = YES;
				CLANG_ENABLE_OBJC_WEAK = YES;
				CLANG_WARN_BLOCK_CAPTURE_AUTORELEASING = YES;
				CLANG_WARN_BOOL_CONVERSION = YES;
				CLANG_WARN_COMMA = YES;
				CLANG_WARN_CONSTANT_CONVERSION = YES;
				CLANG_WARN_DEPRECATED_OBJC_IMPLEMENTATIONS = YES;
				CLANG_WARN_DIRECT_OBJC_ISA_USAGE = YES_ERROR;
				CLANG_WARN_DOCUMENTATION_COMMENTS = YES;
				CLANG_WARN_EMPTY_BODY = YES;
				CLANG_WARN_ENUM_CONVERSION = YES;
				CLANG_WARN_INFINITE_RECURSION = YES;
				CLANG_WARN_INT_CONVERSION = YES;
				CLANG_WARN_NON_LITERAL_NULL_CONVERSION = YES;
				CLANG_WARN_OBJC_IMPLICIT_RETAIN_SELF = YES;
				CLANG_WARN_OBJC_LITERAL_CONVERSION = YES;
				CLANG_WARN_OBJC_ROOT_CLASS = YES_ERROR;
				CLANG_WARN_QUOTED_INCLUDE_IN_FRAMEWORK_HEADER = YES;
				CLANG_WARN_RANGE_LOOP_ANALYSIS = YES;
				CLANG_WARN_STRICT_PROTOTYPES = YES;
				CLANG_WARN_SUSPICIOUS_MOVE = YES;
				CLANG_WARN_UNGUARDED_AVAILABILITY = YES_AGGRESSIVE;
				CLANG_WARN_UNREACHABLE_CODE = YES;
				CLANG_WARN__DUPLICATE_METHOD_MATCH = YES;
				COPY_PHASE_STRIP = NO;
				DEBUG_INFORMATION_FORMAT = "dwarf-with-dsym";
				ENABLE_NS_ASSERTIONS = NO;
				ENABLE_STRICT_OBJC_MSGSEND = YES;
				GCC_C_LANGUAGE_STANDARD = gnu11;
				GCC_NO_COMMON_BLOCKS = YES;
				GCC_WARN_64_TO_32_BIT_CONVERSION = YES;
				GCC_WARN_ABOUT_RETURN_TYPE = YES_ERROR;
				GCC_WARN_UNDECLARED_SELECTOR = YES;
				GCC_WARN_UNINITIALIZED_AUTOS = YES_AGGRESSIVE;
				GCC_WARN_UNUSED_FUNCTION = YES;
				GCC_WARN_UNUSED_VARIABLE = YES;
				MTL_ENABLE_DEBUG_INFO = NO;
				MTL_FAST_MATH = YES;
				SWIFT_COMPILATION_MODE = wholemodule;
				SWIFT_OPTIMIZATION_LEVEL = "-O";
			};
			name = Release;
		};
		F3E6C0A925B43412008048F9 /* Debug */ = {
			isa = XCBuildConfiguration;
			buildSettings = {
				ASSETCATALOG_COMPILER_APPICON_NAME = AppIcon;
				ASSETCATALOG_COMPILER_GLOBAL_ACCENT_COLOR_NAME = AccentColor;
				CODE_SIGN_STYLE = Automatic;
				DEVELOPMENT_TEAM = F75WVA4GKT;
				ENABLE_PREVIEWS = YES;
				INFOPLIST_FILE = iOS/Info.plist;
				IPHONEOS_DEPLOYMENT_TARGET = 14.0;
				LD_RUNPATH_SEARCH_PATHS = (
					"$(inherited)",
					"@executable_path/Frameworks",
				);
				PRODUCT_BUNDLE_IDENTIFIER = com.fit.FRUITS;
				PRODUCT_NAME = FRUITS;
				SDKROOT = iphoneos;
				SWIFT_VERSION = 5.0;
				TARGETED_DEVICE_FAMILY = "1,2";
			};
			name = Debug;
		};
		F3E6C0AA25B43412008048F9 /* Release */ = {
			isa = XCBuildConfiguration;
			buildSettings = {
				ASSETCATALOG_COMPILER_APPICON_NAME = AppIcon;
				ASSETCATALOG_COMPILER_GLOBAL_ACCENT_COLOR_NAME = AccentColor;
				CODE_SIGN_STYLE = Automatic;
				DEVELOPMENT_TEAM = F75WVA4GKT;
				ENABLE_PREVIEWS = YES;
				INFOPLIST_FILE = iOS/Info.plist;
				IPHONEOS_DEPLOYMENT_TARGET = 14.0;
				LD_RUNPATH_SEARCH_PATHS = (
					"$(inherited)",
					"@executable_path/Frameworks",
				);
				PRODUCT_BUNDLE_IDENTIFIER = com.fit.FRUITS;
				PRODUCT_NAME = FRUITS;
				SDKROOT = iphoneos;
				SWIFT_VERSION = 5.0;
				TARGETED_DEVICE_FAMILY = "1,2";
				VALIDATE_PRODUCT = YES;
			};
			name = Release;
		};
		F3E6C0AC25B43412008048F9 /* Debug */ = {
			isa = XCBuildConfiguration;
			buildSettings = {
				ASSETCATALOG_COMPILER_APPICON_NAME = AppIcon;
				ASSETCATALOG_COMPILER_GLOBAL_ACCENT_COLOR_NAME = AccentColor;
				CODE_SIGN_ENTITLEMENTS = macOS/macOS.entitlements;
				CODE_SIGN_STYLE = Automatic;
				COMBINE_HIDPI_IMAGES = YES;
				DEVELOPMENT_TEAM = F75WVA4GKT;
				ENABLE_HARDENED_RUNTIME = YES;
				ENABLE_PREVIEWS = YES;
				INFOPLIST_FILE = macOS/Info.plist;
				LD_RUNPATH_SEARCH_PATHS = (
					"$(inherited)",
					"@executable_path/../Frameworks",
				);
				MACOSX_DEPLOYMENT_TARGET = 11.0;
				PRODUCT_BUNDLE_IDENTIFIER = com.fit.FRUITS;
				PRODUCT_NAME = FRUITS;
				SDKROOT = macosx;
				SWIFT_VERSION = 5.0;
			};
			name = Debug;
		};
		F3E6C0AD25B43412008048F9 /* Release */ = {
			isa = XCBuildConfiguration;
			buildSettings = {
				ASSETCATALOG_COMPILER_APPICON_NAME = AppIcon;
				ASSETCATALOG_COMPILER_GLOBAL_ACCENT_COLOR_NAME = AccentColor;
				CODE_SIGN_ENTITLEMENTS = macOS/macOS.entitlements;
				CODE_SIGN_STYLE = Automatic;
				COMBINE_HIDPI_IMAGES = YES;
				DEVELOPMENT_TEAM = F75WVA4GKT;
				ENABLE_HARDENED_RUNTIME = YES;
				ENABLE_PREVIEWS = YES;
				INFOPLIST_FILE = macOS/Info.plist;
				LD_RUNPATH_SEARCH_PATHS = (
					"$(inherited)",
					"@executable_path/../Frameworks",
				);
				MACOSX_DEPLOYMENT_TARGET = 11.0;
				PRODUCT_BUNDLE_IDENTIFIER = com.fit.FRUITS;
				PRODUCT_NAME = FRUITS;
				SDKROOT = macosx;
				SWIFT_VERSION = 5.0;
			};
			name = Release;
		};
		F3E6C0AF25B43412008048F9 /* Debug */ = {
			isa = XCBuildConfiguration;
			buildSettings = {
				ALWAYS_EMBED_SWIFT_STANDARD_LIBRARIES = YES;
				CODE_SIGN_STYLE = Automatic;
				DEVELOPMENT_TEAM = F75WVA4GKT;
				INFOPLIST_FILE = "Tests iOS/Info.plist";
				IPHONEOS_DEPLOYMENT_TARGET = 14.3;
				LD_RUNPATH_SEARCH_PATHS = (
					"$(inherited)",
					"@executable_path/Frameworks",
					"@loader_path/Frameworks",
				);
				PRODUCT_BUNDLE_IDENTIFIER = "com.fit.Tests-iOS";
				PRODUCT_NAME = "$(TARGET_NAME)";
				SDKROOT = iphoneos;
				SWIFT_VERSION = 5.0;
				TARGETED_DEVICE_FAMILY = "1,2";
				TEST_TARGET_NAME = "FRUITS (iOS)";
			};
			name = Debug;
		};
		F3E6C0B025B43412008048F9 /* Release */ = {
			isa = XCBuildConfiguration;
			buildSettings = {
				ALWAYS_EMBED_SWIFT_STANDARD_LIBRARIES = YES;
				CODE_SIGN_STYLE = Automatic;
				DEVELOPMENT_TEAM = F75WVA4GKT;
				INFOPLIST_FILE = "Tests iOS/Info.plist";
				IPHONEOS_DEPLOYMENT_TARGET = 14.3;
				LD_RUNPATH_SEARCH_PATHS = (
					"$(inherited)",
					"@executable_path/Frameworks",
					"@loader_path/Frameworks",
				);
				PRODUCT_BUNDLE_IDENTIFIER = "com.fit.Tests-iOS";
				PRODUCT_NAME = "$(TARGET_NAME)";
				SDKROOT = iphoneos;
				SWIFT_VERSION = 5.0;
				TARGETED_DEVICE_FAMILY = "1,2";
				TEST_TARGET_NAME = "FRUITS (iOS)";
				VALIDATE_PRODUCT = YES;
			};
			name = Release;
		};
		F3E6C0B225B43412008048F9 /* Debug */ = {
			isa = XCBuildConfiguration;
			buildSettings = {
				ALWAYS_EMBED_SWIFT_STANDARD_LIBRARIES = YES;
				CODE_SIGN_STYLE = Automatic;
				COMBINE_HIDPI_IMAGES = YES;
				DEVELOPMENT_TEAM = F75WVA4GKT;
				INFOPLIST_FILE = "Tests macOS/Info.plist";
				LD_RUNPATH_SEARCH_PATHS = (
					"$(inherited)",
					"@executable_path/../Frameworks",
					"@loader_path/../Frameworks",
				);
				MACOSX_DEPLOYMENT_TARGET = 11.1;
				PRODUCT_BUNDLE_IDENTIFIER = "com.fit.Tests-macOS";
				PRODUCT_NAME = "$(TARGET_NAME)";
				SDKROOT = macosx;
				SWIFT_VERSION = 5.0;
				TEST_TARGET_NAME = "FRUITS (macOS)";
			};
			name = Debug;
		};
		F3E6C0B325B43412008048F9 /* Release */ = {
			isa = XCBuildConfiguration;
			buildSettings = {
				ALWAYS_EMBED_SWIFT_STANDARD_LIBRARIES = YES;
				CODE_SIGN_STYLE = Automatic;
				COMBINE_HIDPI_IMAGES = YES;
				DEVELOPMENT_TEAM = F75WVA4GKT;
				INFOPLIST_FILE = "Tests macOS/Info.plist";
				LD_RUNPATH_SEARCH_PATHS = (
					"$(inherited)",
					"@executable_path/../Frameworks",
					"@loader_path/../Frameworks",
				);
				MACOSX_DEPLOYMENT_TARGET = 11.1;
				PRODUCT_BUNDLE_IDENTIFIER = "com.fit.Tests-macOS";
				PRODUCT_NAME = "$(TARGET_NAME)";
				SDKROOT = macosx;
				SWIFT_VERSION = 5.0;
				TEST_TARGET_NAME = "FRUITS (macOS)";
			};
			name = Release;
		};
/* End XCBuildConfiguration section */

/* Begin XCConfigurationList section */
		F3E6C07525B4340F008048F9 /* Build configuration list for PBXProject "FRUITS" */ = {
			isa = XCConfigurationList;
			buildConfigurations = (
				F3E6C0A625B43412008048F9 /* Debug */,
				F3E6C0A725B43412008048F9 /* Release */,
			);
			defaultConfigurationIsVisible = 0;
			defaultConfigurationName = Release;
		};
		F3E6C0A825B43412008048F9 /* Build configuration list for PBXNativeTarget "FRUITS (iOS)" */ = {
			isa = XCConfigurationList;
			buildConfigurations = (
				F3E6C0A925B43412008048F9 /* Debug */,
				F3E6C0AA25B43412008048F9 /* Release */,
			);
			defaultConfigurationIsVisible = 0;
			defaultConfigurationName = Release;
		};
		F3E6C0AB25B43412008048F9 /* Build configuration list for PBXNativeTarget "FRUITS (macOS)" */ = {
			isa = XCConfigurationList;
			buildConfigurations = (
				F3E6C0AC25B43412008048F9 /* Debug */,
				F3E6C0AD25B43412008048F9 /* Release */,
			);
			defaultConfigurationIsVisible = 0;
			defaultConfigurationName = Release;
		};
		F3E6C0AE25B43412008048F9 /* Build configuration list for PBXNativeTarget "Tests iOS" */ = {
			isa = XCConfigurationList;
			buildConfigurations = (
				F3E6C0AF25B43412008048F9 /* Debug */,
				F3E6C0B025B43412008048F9 /* Release */,
			);
			defaultConfigurationIsVisible = 0;
			defaultConfigurationName = Release;
		};
		F3E6C0B125B43412008048F9 /* Build configuration list for PBXNativeTarget "Tests macOS" */ = {
			isa = XCConfigurationList;
			buildConfigurations = (
				F3E6C0B225B43412008048F9 /* Debug */,
				F3E6C0B325B43412008048F9 /* Release */,
			);
			defaultConfigurationIsVisible = 0;
			defaultConfigurationName = Release;
		};
/* End XCConfigurationList section */
	};
	rootObject = F3E6C07225B4340F008048F9 /* Project object */;
}
